
Microsoft Visual Studio Solution File, Format Version 12.00
# Visual Studio Version 16
VisualStudioVersion = 16.0.31829.152
MinimumVisualStudioVersion = 10.0.40219.1
Project("{FAE04EC0-301F-11D3-BF4B-00C04F79EFBC}") = "Verbeterde Machi Koro", "Verbeterde Machi Koro\Verbeterde Machi Koro.csproj", "{21C3926F-307E-47B9-B1B8-881B7A336706}"
EndProject
Global
	GlobalSection(SolutionConfigurationPlatforms) = preSolution
		Debug|Any CPU = Debug|Any CPU
		Release|Any CPU = Release|Any CPU
	EndGlobalSection
	GlobalSection(ProjectConfigurationPlatforms) = postSolution
		{21C3926F-307E-47B9-B1B8-881B7A336706}.Debug|Any CPU.ActiveCfg = Debug|Any CPU
		{21C3926F-307E-47B9-B1B8-881B7A336706}.Debug|Any CPU.Build.0 = Debug|Any CPU
		{21C3926F-307E-47B9-B1B8-881B7A336706}.Release|Any CPU.ActiveCfg = Release|Any CPU
		{21C3926F-307E-47B9-B1B8-881B7A336706}.Release|Any CPU.Build.0 = Release|Any CPU
	EndGlobalSection
	GlobalSection(SolutionProperties) = preSolution
		HideSolutionNode = FALSE
	EndGlobalSection
	GlobalSection(ExtensibilityGlobals) = postSolution
		SolutionGuid = {4B31192A-D481-46C5-9E19-8E046F513F07}
	EndGlobalSection
EndGlobal
